
Microsoft Visual Studio Solution File, Format Version 12.00
# Visual Studio Version 16
VisualStudioVersion = 16.0.29215.179
MinimumVisualStudioVersion = 10.0.40219.1
Project("{FAE04EC0-301F-11D3-BF4B-00C04F79EFBC}") = "Asp.netCoreJWTTemplate", "Asp.netCoreJWTTemplate.csproj", "{087F3960-BE59-4362-8380-319D5A624117}"
EndProject
Global
	GlobalSection(SolutionConfigurationPlatforms) = preSolution
		Debug|Any CPU = Debug|Any CPU
		Release|Any CPU = Release|Any CPU
	EndGlobalSection
	GlobalSection(ProjectConfigurationPlatforms) = postSolution
		{087F3960-BE59-4362-8380-319D5A624117}.Debug|Any CPU.ActiveCfg = Debug|Any CPU
		{087F3960-BE59-4362-8380-319D5A624117}.Debug|Any CPU.Build.0 = Debug|Any CPU
		{087F3960-BE59-4362-8380-319D5A624117}.Release|Any CPU.ActiveCfg = Release|Any CPU
		{087F3960-BE59-4362-8380-319D5A624117}.Release|Any CPU.Build.0 = Release|Any CPU
	EndGlobalSection
	GlobalSection(SolutionProperties) = preSolution
		HideSolutionNode = FALSE
	EndGlobalSection
	GlobalSection(ExtensibilityGlobals) = postSolution
		SolutionGuid = {D1F512DB-7713-4AAA-8351-D920ADFDE52E}
	EndGlobalSection
EndGlobal
